{
  "name": "city_chat",
  "requires": true,
  "lockfileVersion": 1,
  "dependencies": {
    "action-cable": {
      "version": "0.0.9",
      "resolved": "https://registry.npmjs.org/action-cable/-/action-cable-0.0.9.tgz",
      "integrity": "sha1-xXJSy8LX5DRr5ENjDxjneTiRx7Q=",
      "requires": {
        "rxjs": "5.5.11"
      }
    },
    "actioncable": {
      "version": "5.2.0",
      "resolved": "https://registry.npmjs.org/actioncable/-/actioncable-5.2.0.tgz",
      "integrity": "sha512-5o0wKTz2egSGDf7SubQLqoew/lGJhkjyJSdbMiaAfci/vNMjs7xjL2X+ELhstJmaN5tY17O3Wx6c5q2GgQE/JQ=="
    },
    "normalize.css": {
      "version": "8.0.0",
      "resolved": "https://registry.npmjs.org/normalize.css/-/normalize.css-8.0.0.tgz",
      "integrity": "sha512-iXcbM3NWr0XkNyfiSBsoPezi+0V92P9nj84yVV1/UZxRUrGczgX/X91KMAGM0omWLY2+2Q1gKD/XRn4gQRDB2A=="
    },
    "rxjs": {
      "version": "5.5.11",
      "resolved": "https://registry.npmjs.org/rxjs/-/rxjs-5.5.11.tgz",
      "integrity": "sha512-3bjO7UwWfA2CV7lmwYMBzj4fQ6Cq+ftHc2MvUe+WMS7wcdJ1LosDWmdjPQanYp2dBRj572p7PeU81JUxHKOcBA==",
      "requires": {
        "symbol-observable": "1.0.1"
      }
    },
    "symbol-observable": {
      "version": "1.0.1",
      "resolved": "https://registry.npmjs.org/symbol-observable/-/symbol-observable-1.0.1.tgz",
      "integrity": "sha1-g0D8RwLDEi310iKI+IKD9RPT/dQ="
    }
  }
}
